// !$*UTF8*$!
{
	archiveVersion = 1;
	classes = {
	};
	objectVersion = 45;
	objects = {

/* Begin PBXBuildFile section */
		A62B27D90E9B572A0009534E /* CWHessianBonjourServer.h in Headers */ = {isa = PBXBuildFile; fileRef = A62B27D60E9B572A0009534E /* CWHessianBonjourServer.h */; };
		A62B27DA0E9B572A0009534E /* CWHessianBonjourServer.m in Sources */ = {isa = PBXBuildFile; fileRef = A62B27D70E9B572A0009534E /* CWHessianBonjourServer.m */; };
		A62B28030E9B89290009534E /* CWHessianConnection+Private.h in Headers */ = {isa = PBXBuildFile; fileRef = A62B28000E9B89290009534E /* CWHessianConnection+Private.h */; };
		A62B28040E9B89290009534E /* CWHessianConnection+Private.m in Sources */ = {isa = PBXBuildFile; fileRef = A62B28010E9B89290009534E /* CWHessianConnection+Private.m */; };
		A62B29570E9BB9110009534E /* NSArray+CWAdditions.h in Headers */ = {isa = PBXBuildFile; fileRef = A62B29540E9BB9110009534E /* NSArray+CWAdditions.h */; };
		A62B29580E9BB9110009534E /* NSArray+CWAdditions.m in Sources */ = {isa = PBXBuildFile; fileRef = A62B29550E9BB9110009534E /* NSArray+CWAdditions.m */; };
		A62B29890E9C964A0009534E /* NSStream+CWAdditions.h in Headers */ = {isa = PBXBuildFile; fileRef = A62B29860E9C964A0009534E /* NSStream+CWAdditions.h */; };
		A62B298A0E9C964A0009534E /* NSStream+CWAdditions.m in Sources */ = {isa = PBXBuildFile; fileRef = A62B29870E9C964A0009534E /* NSStream+CWAdditions.m */; };
		A6E44B410E348BA200742087 /* HessianKit.h in Headers */ = {isa = PBXBuildFile; fileRef = A685F8110E1EDBCF009547F2 /* HessianKit.h */; settings = {ATTRIBUTES = (Public, ); }; };
		A6E44B420E348BA200742087 /* CWHessianConnection.h in Headers */ = {isa = PBXBuildFile; fileRef = A66189FA0E1A817B00EBFE66 /* CWHessianConnection.h */; settings = {ATTRIBUTES = (Public, ); }; };
		A6E44B430E348BA200742087 /* CWHessianCoder.h in Headers */ = {isa = PBXBuildFile; fileRef = A6618A090E1A92C600EBFE66 /* CWHessianCoder.h */; settings = {ATTRIBUTES = (Public, ); }; };
		A6E44B440E348BA200742087 /* CWHessianArchiver.h in Headers */ = {isa = PBXBuildFile; fileRef = A66189FD0E1A819700EBFE66 /* CWHessianArchiver.h */; settings = {ATTRIBUTES = (Public, ); }; };
		A6E44B450E348BA200742087 /* CWDistantHessianObject.h in Headers */ = {isa = PBXBuildFile; fileRef = A6618A030E1A81C600EBFE66 /* CWDistantHessianObject.h */; settings = {ATTRIBUTES = (Public, ); }; };
		A6E44B460E348BA200742087 /* CWValueObject.h in Headers */ = {isa = PBXBuildFile; fileRef = A685FA750E1F0270009547F2 /* CWValueObject.h */; settings = {ATTRIBUTES = (Public, ); }; };
		A6E44B470E348BC500742087 /* CWHessianConnection.m in Sources */ = {isa = PBXBuildFile; fileRef = A66189FB0E1A817B00EBFE66 /* CWHessianConnection.m */; };
		A6E44B480E348BC500742087 /* CWHessianCoder.m in Sources */ = {isa = PBXBuildFile; fileRef = A6618A0A0E1A92C600EBFE66 /* CWHessianCoder.m */; };
		A6E44B490E348BC500742087 /* CWHessianArchiver.m in Sources */ = {isa = PBXBuildFile; fileRef = A66189FE0E1A819700EBFE66 /* CWHessianArchiver.m */; };
		A6E44B4A0E348BC500742087 /* CWHessianArchiver+Private.m in Sources */ = {isa = PBXBuildFile; fileRef = A6618D500E1E81F500EBFE66 /* CWHessianArchiver+Private.m */; };
		A6E44B4B0E348BC500742087 /* CWHessianUnarchiver.m in Sources */ = {isa = PBXBuildFile; fileRef = A6618A010E1A81AE00EBFE66 /* CWHessianUnarchiver.m */; };
		A6E44B4C0E348BC500742087 /* CWHessianUnarchiver+Private.m in Sources */ = {isa = PBXBuildFile; fileRef = A6618D530E1E825000EBFE66 /* CWHessianUnarchiver+Private.m */; };
		A6E44B4D0E348BC500742087 /* CWDistantHessianObject.m in Sources */ = {isa = PBXBuildFile; fileRef = A6618A040E1A81C600EBFE66 /* CWDistantHessianObject.m */; };
		A6E44B4E0E348BC500742087 /* CWDistantHessianObject+Private.m in Sources */ = {isa = PBXBuildFile; fileRef = A685F6F90E1EB9BE009547F2 /* CWDistantHessianObject+Private.m */; };
		A6E44B4F0E348BC500742087 /* CWValueObject.m in Sources */ = {isa = PBXBuildFile; fileRef = A685FA760E1F0270009547F2 /* CWValueObject.m */; };
		A6E44B500E348BC500742087 /* CWValueObject+Private.m in Sources */ = {isa = PBXBuildFile; fileRef = A6D0F5320E22846000ECE7C3 /* CWValueObject+Private.m */; };
		A6E44BAA0E348CEB00742087 /* Foundation.framework in Frameworks */ = {isa = PBXBuildFile; fileRef = A6E44BA90E348CEB00742087 /* Foundation.framework */; };
		A6FC53330E9E2DE4008A1CD2 /* Test.m in Sources */ = {isa = PBXBuildFile; fileRef = A6FC53320E9E2DE4008A1CD2 /* Test.m */; };
		A6FC54A70E9E3DAA008A1CD2 /* cocoamain.m in Sources */ = {isa = PBXBuildFile; fileRef = A6E44C630E34924100742087 /* cocoamain.m */; };
		A6FC55250E9E3DB5008A1CD2 /* Foundation.framework in Frameworks */ = {isa = PBXBuildFile; fileRef = A6E44BA90E348CEB00742087 /* Foundation.framework */; };
		A6FC552D0E9E3DB9008A1CD2 /* HessianKit.framework in Frameworks */ = {isa = PBXBuildFile; fileRef = A61071EC0E34970800975244 /* HessianKit.framework */; };
		A6FC55310E9E3DFB008A1CD2 /* Test.m in Sources */ = {isa = PBXBuildFile; fileRef = A6FC53320E9E2DE4008A1CD2 /* Test.m */; };
		A6FC55320E9E3DFB008A1CD2 /* CWHessianUnitTest.m in Sources */ = {isa = PBXBuildFile; fileRef = A6E44B320E3489E700742087 /* CWHessianUnitTest.m */; };
/* End PBXBuildFile section */

/* Begin PBXContainerItemProxy section */
		A6FC552E0E9E3DC0008A1CD2 /* PBXContainerItemProxy */ = {
			isa = PBXContainerItemProxy;
			containerPortal = 29B97313FDCFA39411CA2CEA /* Project object */;
			proxyType = 1;
			remoteGlobalIDString = A6E44B3C0E348B8500742087 /* HessianKit */;
			remoteInfo = HessianKit;
		};
/* End PBXContainerItemProxy section */

/* Begin PBXFileReference section */
		A61071EC0E34970800975244 /* HessianKit.framework */ = {isa = PBXFileReference; lastKnownFileType = wrapper.framework; name = HessianKit.framework; path = ../Debug/HessianKit.framework; sourceTree = BUILT_PRODUCTS_DIR; };
		A62B27D60E9B572A0009534E /* CWHessianBonjourServer.h */ = {isa = PBXFileReference; fileEncoding = 4; lastKnownFileType = sourcecode.c.h; name = CWHessianBonjourServer.h; path = HessianClasses/CWHessianBonjourServer.h; sourceTree = "<group>"; };
		A62B27D70E9B572A0009534E /* CWHessianBonjourServer.m */ = {isa = PBXFileReference; fileEncoding = 4; lastKnownFileType = sourcecode.c.objc; name = CWHessianBonjourServer.m; path = HessianClasses/CWHessianBonjourServer.m; sourceTree = "<group>"; };
		A62B28000E9B89290009534E /* CWHessianConnection+Private.h */ = {isa = PBXFileReference; fileEncoding = 4; lastKnownFileType = sourcecode.c.h; name = "CWHessianConnection+Private.h"; path = "HessianClasses/CWHessianConnection+Private.h"; sourceTree = "<group>"; };
		A62B28010E9B89290009534E /* CWHessianConnection+Private.m */ = {isa = PBXFileReference; fileEncoding = 4; lastKnownFileType = sourcecode.c.objc; name = "CWHessianConnection+Private.m"; path = "HessianClasses/CWHessianConnection+Private.m"; sourceTree = "<group>"; };
		A62B29540E9BB9110009534E /* NSArray+CWAdditions.h */ = {isa = PBXFileReference; fileEncoding = 4; lastKnownFileType = sourcecode.c.h; name = "NSArray+CWAdditions.h"; path = "HessianClasses/NSArray+CWAdditions.h"; sourceTree = "<group>"; };
		A62B29550E9BB9110009534E /* NSArray+CWAdditions.m */ = {isa = PBXFileReference; fileEncoding = 4; lastKnownFileType = sourcecode.c.objc; name = "NSArray+CWAdditions.m"; path = "HessianClasses/NSArray+CWAdditions.m"; sourceTree = "<group>"; };
		A62B29860E9C964A0009534E /* NSStream+CWAdditions.h */ = {isa = PBXFileReference; fileEncoding = 4; lastKnownFileType = sourcecode.c.h; name = "NSStream+CWAdditions.h"; path = "HessianClasses/NSStream+CWAdditions.h"; sourceTree = "<group>"; };
		A62B29870E9C964A0009534E /* NSStream+CWAdditions.m */ = {isa = PBXFileReference; fileEncoding = 4; lastKnownFileType = sourcecode.c.objc; name = "NSStream+CWAdditions.m"; path = "HessianClasses/NSStream+CWAdditions.m"; sourceTree = "<group>"; };
		A66189FA0E1A817B00EBFE66 /* CWHessianConnection.h */ = {isa = PBXFileReference; fileEncoding = 4; lastKnownFileType = sourcecode.c.h; name = CWHessianConnection.h; path = HessianClasses/CWHessianConnection.h; sourceTree = "<group>"; };
		A66189FB0E1A817B00EBFE66 /* CWHessianConnection.m */ = {isa = PBXFileReference; fileEncoding = 4; lastKnownFileType = sourcecode.c.objc; name = CWHessianConnection.m; path = HessianClasses/CWHessianConnection.m; sourceTree = "<group>"; };
		A66189FD0E1A819700EBFE66 /* CWHessianArchiver.h */ = {isa = PBXFileReference; fileEncoding = 4; lastKnownFileType = sourcecode.c.h; name = CWHessianArchiver.h; path = HessianClasses/CWHessianArchiver.h; sourceTree = "<group>"; };
		A66189FE0E1A819700EBFE66 /* CWHessianArchiver.m */ = {isa = PBXFileReference; fileEncoding = 4; lastKnownFileType = sourcecode.c.objc; name = CWHessianArchiver.m; path = HessianClasses/CWHessianArchiver.m; sourceTree = "<group>"; };
		A6618A000E1A81AE00EBFE66 /* CWHessianArchiver+Private.h */ = {isa = PBXFileReference; fileEncoding = 4; lastKnownFileType = sourcecode.c.h; name = "CWHessianArchiver+Private.h"; path = "HessianClasses/CWHessianArchiver+Private.h"; sourceTree = "<group>"; };
		A6618A010E1A81AE00EBFE66 /* CWHessianUnarchiver.m */ = {isa = PBXFileReference; fileEncoding = 4; lastKnownFileType = sourcecode.c.objc; name = CWHessianUnarchiver.m; path = HessianClasses/CWHessianUnarchiver.m; sourceTree = "<group>"; };
		A6618A030E1A81C600EBFE66 /* CWDistantHessianObject.h */ = {isa = PBXFileReference; fileEncoding = 4; lastKnownFileType = sourcecode.c.h; name = CWDistantHessianObject.h; path = HessianClasses/CWDistantHessianObject.h; sourceTree = "<group>"; };
		A6618A040E1A81C600EBFE66 /* CWDistantHessianObject.m */ = {isa = PBXFileReference; fileEncoding = 4; lastKnownFileType = sourcecode.c.objc; name = CWDistantHessianObject.m; path = HessianClasses/CWDistantHessianObject.m; sourceTree = "<group>"; };
		A6618A090E1A92C600EBFE66 /* CWHessianCoder.h */ = {isa = PBXFileReference; fileEncoding = 4; lastKnownFileType = sourcecode.c.h; name = CWHessianCoder.h; path = HessianClasses/CWHessianCoder.h; sourceTree = "<group>"; };
		A6618A0A0E1A92C600EBFE66 /* CWHessianCoder.m */ = {isa = PBXFileReference; fileEncoding = 4; lastKnownFileType = sourcecode.c.objc; name = CWHessianCoder.m; path = HessianClasses/CWHessianCoder.m; sourceTree = "<group>"; };
		A6618D500E1E81F500EBFE66 /* CWHessianArchiver+Private.m */ = {isa = PBXFileReference; fileEncoding = 4; lastKnownFileType = sourcecode.c.objc; name = "CWHessianArchiver+Private.m"; path = "HessianClasses/CWHessianArchiver+Private.m"; sourceTree = "<group>"; };
		A6618D530E1E825000EBFE66 /* CWHessianUnarchiver+Private.m */ = {isa = PBXFileReference; fileEncoding = 4; lastKnownFileType = sourcecode.c.objc; name = "CWHessianUnarchiver+Private.m"; path = "HessianClasses/CWHessianUnarchiver+Private.m"; sourceTree = "<group>"; };
		A685F6F80E1EB9BE009547F2 /* CWDistantHessianObject+Private.h */ = {isa = PBXFileReference; fileEncoding = 4; lastKnownFileType = sourcecode.c.h; name = "CWDistantHessianObject+Private.h"; path = "HessianClasses/CWDistantHessianObject+Private.h"; sourceTree = "<group>"; };
		A685F6F90E1EB9BE009547F2 /* CWDistantHessianObject+Private.m */ = {isa = PBXFileReference; fileEncoding = 4; lastKnownFileType = sourcecode.c.objc; name = "CWDistantHessianObject+Private.m"; path = "HessianClasses/CWDistantHessianObject+Private.m"; sourceTree = "<group>"; };
		A685F80E0E1EDAFA009547F2 /* Test.h */ = {isa = PBXFileReference; fileEncoding = 4; lastKnownFileType = sourcecode.c.h; path = Test.h; sourceTree = "<group>"; };
		A685F8110E1EDBCF009547F2 /* HessianKit.h */ = {isa = PBXFileReference; fileEncoding = 4; lastKnownFileType = sourcecode.c.h; name = HessianKit.h; path = HessianClasses/HessianKit.h; sourceTree = "<group>"; };
		A685F94A0E1EED8B009547F2 /* NSData+ReadableDescription.h */ = {isa = PBXFileReference; fileEncoding = 4; lastKnownFileType = sourcecode.c.h; name = "NSData+ReadableDescription.h"; path = "Classes/NSData+ReadableDescription.h"; sourceTree = "<group>"; };
		A685F94B0E1EED8B009547F2 /* NSData+ReadableDescription.m */ = {isa = PBXFileReference; fileEncoding = 4; lastKnownFileType = sourcecode.c.objc; name = "NSData+ReadableDescription.m"; path = "Classes/NSData+ReadableDescription.m"; sourceTree = "<group>"; };
		A685FA750E1F0270009547F2 /* CWValueObject.h */ = {isa = PBXFileReference; fileEncoding = 4; lastKnownFileType = sourcecode.c.h; name = CWValueObject.h; path = HessianClasses/CWValueObject.h; sourceTree = "<group>"; };
		A685FA760E1F0270009547F2 /* CWValueObject.m */ = {isa = PBXFileReference; fileEncoding = 4; lastKnownFileType = sourcecode.c.objc; name = CWValueObject.m; path = HessianClasses/CWValueObject.m; sourceTree = "<group>"; };
		A6D0F5310E22846000ECE7C3 /* CWValueObject+Private.h */ = {isa = PBXFileReference; fileEncoding = 4; lastKnownFileType = sourcecode.c.h; name = "CWValueObject+Private.h"; path = "HessianClasses/CWValueObject+Private.h"; sourceTree = "<group>"; };
		A6D0F5320E22846000ECE7C3 /* CWValueObject+Private.m */ = {isa = PBXFileReference; fileEncoding = 4; lastKnownFileType = sourcecode.c.objc; name = "CWValueObject+Private.m"; path = "HessianClasses/CWValueObject+Private.m"; sourceTree = "<group>"; };
		A6D0F5340E228A9200ECE7C3 /* ValueTest.h */ = {isa = PBXFileReference; fileEncoding = 4; lastKnownFileType = sourcecode.c.h; path = ValueTest.h; sourceTree = "<group>"; };
		A6D0F87C0E23BB9500ECE7C3 /* Hessian.hdoc */ = {isa = PBXFileReference; fileEncoding = 4; lastKnownFileType = text; name = Hessian.hdoc; path = HessianClasses/Hessian.hdoc; sourceTree = "<group>"; };
		A6D0F8DA0E23C53A00ECE7C3 /* Makefile */ = {isa = PBXFileReference; fileEncoding = 4; lastKnownFileType = sourcecode.make; path = Makefile; sourceTree = "<group>"; usesTabs = 1; };
		A6D0F8FB0E23C7B300ECE7C3 /* headerDoc2HTML.config */ = {isa = PBXFileReference; fileEncoding = 4; lastKnownFileType = text; path = headerDoc2HTML.config; sourceTree = "<group>"; };
		A6D0F8FC0E23C7E100ECE7C3 /* HeaderDocTOCTemplate.html */ = {isa = PBXFileReference; fileEncoding = 4; lastKnownFileType = text.html; path = HeaderDocTOCTemplate.html; sourceTree = "<group>"; };
		A6E44B310E3489E700742087 /* CWHessianUnitTest.h */ = {isa = PBXFileReference; fileEncoding = 4; lastKnownFileType = sourcecode.c.h; name = CWHessianUnitTest.h; path = Classes/CWHessianUnitTest.h; sourceTree = "<group>"; };
		A6E44B320E3489E700742087 /* CWHessianUnitTest.m */ = {isa = PBXFileReference; fileEncoding = 4; lastKnownFileType = sourcecode.c.objc; name = CWHessianUnitTest.m; path = Classes/CWHessianUnitTest.m; sourceTree = "<group>"; };
		A6E44B3D0E348B8500742087 /* HessianKit-Info.plist */ = {isa = PBXFileReference; lastKnownFileType = text.plist.xml; path = "HessianKit-Info.plist"; sourceTree = "<group>"; };
		A6E44BA90E348CEB00742087 /* Foundation.framework */ = {isa = PBXFileReference; lastKnownFileType = wrapper.framework; name = Foundation.framework; path = System/Library/Frameworks/Foundation.framework; sourceTree = SDKROOT; };
		A6E44C630E34924100742087 /* cocoamain.m */ = {isa = PBXFileReference; fileEncoding = 4; lastKnownFileType = sourcecode.c.objc; path = cocoamain.m; sourceTree = "<group>"; };
		A6FC53320E9E2DE4008A1CD2 /* Test.m */ = {isa = PBXFileReference; fileEncoding = 4; lastKnownFileType = sourcecode.c.objc; path = Test.m; sourceTree = "<group>"; };
		A6FC549C0E9E3D66008A1CD2 /* HessianCocoaTest-Info.plist */ = {isa = PBXFileReference; lastKnownFileType = text.plist.xml; path = "HessianCocoaTest-Info.plist"; sourceTree = "<group>"; };
		A6FC54A30E9E3D98008A1CD2 /* HessianCocoaTest */ = {isa = PBXFileReference; explicitFileType = "compiled.mach-o.executable"; includeInIndex = 0; name = HessianCocoaTest; path = build/Debug/HessianCocoaTest; sourceTree = "<group>"; };
/* End PBXFileReference section */

/* Begin PBXFrameworksBuildPhase section */
		A6E44B3B0E348B8500742087 /* Frameworks */ = {
			isa = PBXFrameworksBuildPhase;
			buildActionMask = 2147483647;
			files = (
				A6E44BAA0E348CEB00742087 /* Foundation.framework in Frameworks */,
			);
			runOnlyForDeploymentPostprocessing = 0;
		};
		A6FC54A10E9E3D98008A1CD2 /* Frameworks */ = {
			isa = PBXFrameworksBuildPhase;
			buildActionMask = 2147483647;
			files = (
				A6FC552D0E9E3DB9008A1CD2 /* HessianKit.framework in Frameworks */,
				A6FC55250E9E3DB5008A1CD2 /* Foundation.framework in Frameworks */,
			);
			runOnlyForDeploymentPostprocessing = 0;
		};
/* End PBXFrameworksBuildPhase section */

/* Begin PBXGroup section */
		19C28FACFE9D520D11CA2CBB /* Products */ = {
			isa = PBXGroup;
			children = (
				A61071EC0E34970800975244 /* HessianKit.framework */,
				A6FC54A30E9E3D98008A1CD2 /* HessianCocoaTest */,
			);
			name = Products;
			sourceTree = "<group>";
		};
		29B97314FDCFA39411CA2CEA /* CustomTemplate */ = {
			isa = PBXGroup;
			children = (
				A66189AC0E19FA0900EBFE66 /* Hessian */,
				29B97315FDCFA39411CA2CEA /* Other Sources */,
				29B97317FDCFA39411CA2CEA /* Resources */,
				A6E44BA50E348CB800742087 /* Frameworks */,
				19C28FACFE9D520D11CA2CBB /* Products */,
			);
			name = CustomTemplate;
			sourceTree = "<group>";
		};
		29B97315FDCFA39411CA2CEA /* Other Sources */ = {
			isa = PBXGroup;
			children = (
				A6E44C630E34924100742087 /* cocoamain.m */,
			);
			name = "Other Sources";
			sourceTree = "<group>";
		};
		29B97317FDCFA39411CA2CEA /* Resources */ = {
			isa = PBXGroup;
			children = (
				A6E44B3D0E348B8500742087 /* HessianKit-Info.plist */,
				A6FC549C0E9E3D66008A1CD2 /* HessianCocoaTest-Info.plist */,
			);
			name = Resources;
			sourceTree = "<group>";
		};
		A62B27D50E9B56ED0009534E /* Bonjour */ = {
			isa = PBXGroup;
			children = (
				A62B27D60E9B572A0009534E /* CWHessianBonjourServer.h */,
				A62B27D70E9B572A0009534E /* CWHessianBonjourServer.m */,
			);
			name = Bonjour;
			sourceTree = "<group>";
		};
		A66189AC0E19FA0900EBFE66 /* Hessian */ = {
			isa = PBXGroup;
			children = (
				A6E44B300E34899900742087 /* Test */,
				A6D0F8FA0E23C79B00ECE7C3 /* DocGen */,
				A62B27D50E9B56ED0009534E /* Bonjour */,
				A6618A080E1A92AB00EBFE66 /* Public */,
				A685F6FB0E1EBA10009547F2 /* Private */,
			);
			name = Hessian;
			sourceTree = "<group>";
		};
		A6618A080E1A92AB00EBFE66 /* Public */ = {
			isa = PBXGroup;
			children = (
				A685F8110E1EDBCF009547F2 /* HessianKit.h */,
				A66189FA0E1A817B00EBFE66 /* CWHessianConnection.h */,
				A6618A090E1A92C600EBFE66 /* CWHessianCoder.h */,
				A66189FD0E1A819700EBFE66 /* CWHessianArchiver.h */,
				A6618A030E1A81C600EBFE66 /* CWDistantHessianObject.h */,
				A685FA750E1F0270009547F2 /* CWValueObject.h */,
				A6D0F87C0E23BB9500ECE7C3 /* Hessian.hdoc */,
			);
			name = Public;
			sourceTree = "<group>";
		};
		A685F6FB0E1EBA10009547F2 /* Private */ = {
			isa = PBXGroup;
			children = (
				A62B28000E9B89290009534E /* CWHessianConnection+Private.h */,
				A6618A000E1A81AE00EBFE66 /* CWHessianArchiver+Private.h */,
				A685F6F80E1EB9BE009547F2 /* CWDistantHessianObject+Private.h */,
				A6D0F5310E22846000ECE7C3 /* CWValueObject+Private.h */,
				A685F94A0E1EED8B009547F2 /* NSData+ReadableDescription.h */,
				A62B29540E9BB9110009534E /* NSArray+CWAdditions.h */,
				A66189FB0E1A817B00EBFE66 /* CWHessianConnection.m */,
				A62B28010E9B89290009534E /* CWHessianConnection+Private.m */,
				A6618A0A0E1A92C600EBFE66 /* CWHessianCoder.m */,
				A66189FE0E1A819700EBFE66 /* CWHessianArchiver.m */,
				A6618D500E1E81F500EBFE66 /* CWHessianArchiver+Private.m */,
				A6618A010E1A81AE00EBFE66 /* CWHessianUnarchiver.m */,
				A6618D530E1E825000EBFE66 /* CWHessianUnarchiver+Private.m */,
				A6618A040E1A81C600EBFE66 /* CWDistantHessianObject.m */,
				A685F6F90E1EB9BE009547F2 /* CWDistantHessianObject+Private.m */,
				A685FA760E1F0270009547F2 /* CWValueObject.m */,
				A6D0F5320E22846000ECE7C3 /* CWValueObject+Private.m */,
				A685F94B0E1EED8B009547F2 /* NSData+ReadableDescription.m */,
				A62B29550E9BB9110009534E /* NSArray+CWAdditions.m */,
				A62B29860E9C964A0009534E /* NSStream+CWAdditions.h */,
				A62B29870E9C964A0009534E /* NSStream+CWAdditions.m */,
			);
			name = Private;
			sourceTree = "<group>";
		};
		A6D0F8FA0E23C79B00ECE7C3 /* DocGen */ = {
			isa = PBXGroup;
			children = (
				A6D0F8DA0E23C53A00ECE7C3 /* Makefile */,
				A6D0F8FB0E23C7B300ECE7C3 /* headerDoc2HTML.config */,
				A6D0F8FC0E23C7E100ECE7C3 /* HeaderDocTOCTemplate.html */,
			);
			name = DocGen;
			sourceTree = "<group>";
		};
		A6E44B300E34899900742087 /* Test */ = {
			isa = PBXGroup;
			children = (
				A685F80E0E1EDAFA009547F2 /* Test.h */,
				A6D0F5340E228A9200ECE7C3 /* ValueTest.h */,
				A6E44B310E3489E700742087 /* CWHessianUnitTest.h */,
				A6FC53320E9E2DE4008A1CD2 /* Test.m */,
				A6E44B320E3489E700742087 /* CWHessianUnitTest.m */,
			);
			name = Test;
			sourceTree = "<group>";
		};
		A6E44BA50E348CB800742087 /* Frameworks */ = {
			isa = PBXGroup;
			children = (
				A6E44BA90E348CEB00742087 /* Foundation.framework */,
			);
			name = Frameworks;
			sourceTree = "<group>";
		};
/* End PBXGroup section */

/* Begin PBXHeadersBuildPhase section */
		A6E44B380E348B8500742087 /* Headers */ = {
			isa = PBXHeadersBuildPhase;
			buildActionMask = 2147483647;
			files = (
				A6E44B410E348BA200742087 /* HessianKit.h in Headers */,
				A6E44B420E348BA200742087 /* CWHessianConnection.h in Headers */,
				A6E44B430E348BA200742087 /* CWHessianCoder.h in Headers */,
				A6E44B440E348BA200742087 /* CWHessianArchiver.h in Headers */,
				A6E44B450E348BA200742087 /* CWDistantHessianObject.h in Headers */,
				A6E44B460E348BA200742087 /* CWValueObject.h in Headers */,
				A62B27D90E9B572A0009534E /* CWHessianBonjourServer.h in Headers */,
				A62B28030E9B89290009534E /* CWHessianConnection+Private.h in Headers */,
				A62B29570E9BB9110009534E /* NSArray+CWAdditions.h in Headers */,
				A62B29890E9C964A0009534E /* NSStream+CWAdditions.h in Headers */,
			);
			runOnlyForDeploymentPostprocessing = 0;
		};
/* End PBXHeadersBuildPhase section */

/* Begin PBXNativeTarget section */
		A6E44B3C0E348B8500742087 /* HessianKit */ = {
			isa = PBXNativeTarget;
			buildConfigurationList = A6E44B400E348B8600742087 /* Build configuration list for PBXNativeTarget "HessianKit" */;
			buildPhases = (
				A6E44B380E348B8500742087 /* Headers */,
				A6E44B390E348B8500742087 /* Resources */,
				A6E44B3A0E348B8500742087 /* Sources */,
				A6E44B3B0E348B8500742087 /* Frameworks */,
			);
			buildRules = (
			);
			dependencies = (
			);
			name = HessianKit;
			productName = HessianKit;
			productType = "com.apple.product-type.framework";
		};
		A6FC54A20E9E3D98008A1CD2 /* HessianCocoaTest */ = {
			isa = PBXNativeTarget;
			buildConfigurationList = A6FC55300E9E3DD1008A1CD2 /* Build configuration list for PBXNativeTarget "HessianCocoaTest" */;
			buildPhases = (
				A6FC54A00E9E3D98008A1CD2 /* Sources */,
				A6FC54A10E9E3D98008A1CD2 /* Frameworks */,
			);
			buildRules = (
			);
			dependencies = (
				A6FC552F0E9E3DC0008A1CD2 /* PBXTargetDependency */,
			);
			name = HessianCocoaTest;
			productName = HessianCocoaTest;
			productReference = A6FC54A30E9E3D98008A1CD2 /* HessianCocoaTest */;
			productType = "com.apple.product-type.tool";
		};
/* End PBXNativeTarget section */

/* Begin PBXProject section */
		29B97313FDCFA39411CA2CEA /* Project object */ = {
			isa = PBXProject;
			buildConfigurationList = C01FCF4E08A954540054247B /* Build configuration list for PBXProject "CocoaHessian" */;
			compatibilityVersion = "Xcode 3.1";
			hasScannedForEncodings = 1;
			knownRegions = (
				English,
				Japanese,
				French,
				German,
				en,
			);
			mainGroup = 29B97314FDCFA39411CA2CEA /* CustomTemplate */;
			projectDirPath = "";
			projectRoot = "";
			targets = (
				A6E44B3C0E348B8500742087 /* HessianKit */,
				A6FC54A20E9E3D98008A1CD2 /* HessianCocoaTest */,
			);
		};
/* End PBXProject section */

/* Begin PBXResourcesBuildPhase section */
		A6E44B390E348B8500742087 /* Resources */ = {
			isa = PBXResourcesBuildPhase;
			buildActionMask = 2147483647;
			files = (
			);
			runOnlyForDeploymentPostprocessing = 0;
		};
/* End PBXResourcesBuildPhase section */

/* Begin PBXSourcesBuildPhase section */
		A6E44B3A0E348B8500742087 /* Sources */ = {
			isa = PBXSourcesBuildPhase;
			buildActionMask = 2147483647;
			files = (
				A6E44B470E348BC500742087 /* CWHessianConnection.m in Sources */,
				A6E44B480E348BC500742087 /* CWHessianCoder.m in Sources */,
				A6E44B490E348BC500742087 /* CWHessianArchiver.m in Sources */,
				A6E44B4A0E348BC500742087 /* CWHessianArchiver+Private.m in Sources */,
				A6E44B4B0E348BC500742087 /* CWHessianUnarchiver.m in Sources */,
				A6E44B4C0E348BC500742087 /* CWHessianUnarchiver+Private.m in Sources */,
				A6E44B4D0E348BC500742087 /* CWDistantHessianObject.m in Sources */,
				A6E44B4E0E348BC500742087 /* CWDistantHessianObject+Private.m in Sources */,
				A6E44B4F0E348BC500742087 /* CWValueObject.m in Sources */,
				A6E44B500E348BC500742087 /* CWValueObject+Private.m in Sources */,
				A62B27DA0E9B572A0009534E /* CWHessianBonjourServer.m in Sources */,
				A62B28040E9B89290009534E /* CWHessianConnection+Private.m in Sources */,
				A62B29580E9BB9110009534E /* NSArray+CWAdditions.m in Sources */,
				A62B298A0E9C964A0009534E /* NSStream+CWAdditions.m in Sources */,
				A6FC53330E9E2DE4008A1CD2 /* Test.m in Sources */,
			);
			runOnlyForDeploymentPostprocessing = 0;
		};
		A6FC54A00E9E3D98008A1CD2 /* Sources */ = {
			isa = PBXSourcesBuildPhase;
			buildActionMask = 2147483647;
			files = (
				A6FC55310E9E3DFB008A1CD2 /* Test.m in Sources */,
				A6FC55320E9E3DFB008A1CD2 /* CWHessianUnitTest.m in Sources */,
				A6FC54A70E9E3DAA008A1CD2 /* cocoamain.m in Sources */,
			);
			runOnlyForDeploymentPostprocessing = 0;
		};
/* End PBXSourcesBuildPhase section */

/* Begin PBXTargetDependency section */
		A6FC552F0E9E3DC0008A1CD2 /* PBXTargetDependency */ = {
			isa = PBXTargetDependency;
			target = A6E44B3C0E348B8500742087 /* HessianKit */;
			targetProxy = A6FC552E0E9E3DC0008A1CD2 /* PBXContainerItemProxy */;
		};
/* End PBXTargetDependency section */

/* Begin XCBuildConfiguration section */
		A6E44B3E0E348B8500742087 /* Debug */ = {
			isa = XCBuildConfiguration;
			buildSettings = {
				ALWAYS_SEARCH_USER_PATHS = NO;
				COPY_PHASE_STRIP = NO;
				DYLIB_COMPATIBILITY_VERSION = 1;
				DYLIB_CURRENT_VERSION = 1;
				FRAMEWORK_VERSION = A;
				GCC_DYNAMIC_NO_PIC = NO;
				GCC_ENABLE_FIX_AND_CONTINUE = YES;
				GCC_MODEL_TUNING = G5;
				GCC_OPTIMIZATION_LEVEL = 0;
				GCC_PRECOMPILE_PREFIX_HEADER = YES;
				GCC_PREFIX_HEADER = "$(SYSTEM_LIBRARY_DIR)/Frameworks/AppKit.framework/Headers/AppKit.h";
				INFOPLIST_FILE = "HessianKit-Info.plist";
				INSTALL_PATH = "$(HOME)/Library/Frameworks";
				OTHER_LDFLAGS = (
					"-framework",
					Foundation,
					"-framework",
					AppKit,
				);
				PREBINDING = NO;
				PRODUCT_NAME = HessianKit;
				SDKROOT = macosx10.5;
			};
			name = Debug;
		};
		A6E44B3F0E348B8500742087 /* Release */ = {
			isa = XCBuildConfiguration;
			buildSettings = {
				ALWAYS_SEARCH_USER_PATHS = NO;
				COPY_PHASE_STRIP = YES;
				DEBUG_INFORMATION_FORMAT = "dwarf-with-dsym";
				DYLIB_COMPATIBILITY_VERSION = 1;
				DYLIB_CURRENT_VERSION = 1;
				FRAMEWORK_VERSION = A;
				GCC_ENABLE_FIX_AND_CONTINUE = NO;
				GCC_MODEL_TUNING = G5;
				GCC_PRECOMPILE_PREFIX_HEADER = YES;
				GCC_PREFIX_HEADER = "$(SYSTEM_LIBRARY_DIR)/Frameworks/AppKit.framework/Headers/AppKit.h";
				INFOPLIST_FILE = "HessianKit-Info.plist";
				INSTALL_PATH = "$(HOME)/Library/Frameworks";
				OTHER_LDFLAGS = (
					"-framework",
					Foundation,
					"-framework",
					AppKit,
				);
				PREBINDING = NO;
				PRODUCT_NAME = HessianKit;
				SDKROOT = macosx10.5;
				ZERO_LINK = NO;
			};
			name = Release;
		};
		A6FC54A50E9E3D98008A1CD2 /* Debug */ = {
			isa = XCBuildConfiguration;
			buildSettings = {
				ALWAYS_SEARCH_USER_PATHS = NO;
				COPY_PHASE_STRIP = NO;
				GCC_DYNAMIC_NO_PIC = NO;
				GCC_ENABLE_FIX_AND_CONTINUE = YES;
				GCC_MODEL_TUNING = G5;
				GCC_OPTIMIZATION_LEVEL = 0;
				GCC_PRECOMPILE_PREFIX_HEADER = YES;
				GCC_PREFIX_HEADER = "$(SYSTEM_LIBRARY_DIR)/Frameworks/AppKit.framework/Headers/AppKit.h";
				INSTALL_PATH = /usr/local/bin;
				OTHER_LDFLAGS = (
					"-framework",
					Foundation,
					"-framework",
					AppKit,
				);
				PREBINDING = NO;
				PRODUCT_NAME = HessianCocoaTest;
			};
			name = Debug;
		};
		A6FC54A60E9E3D98008A1CD2 /* Release */ = {
			isa = XCBuildConfiguration;
			buildSettings = {
				ALWAYS_SEARCH_USER_PATHS = NO;
				COPY_PHASE_STRIP = YES;
				DEBUG_INFORMATION_FORMAT = "dwarf-with-dsym";
				GCC_ENABLE_FIX_AND_CONTINUE = NO;
				GCC_MODEL_TUNING = G5;
				GCC_PRECOMPILE_PREFIX_HEADER = YES;
				GCC_PREFIX_HEADER = "$(SYSTEM_LIBRARY_DIR)/Frameworks/AppKit.framework/Headers/AppKit.h";
				INSTALL_PATH = /usr/local/bin;
				OTHER_LDFLAGS = (
					"-framework",
					Foundation,
					"-framework",
					AppKit,
				);
				PREBINDING = NO;
				PRODUCT_NAME = HessianCocoaTest;
				ZERO_LINK = NO;
			};
			name = Release;
		};
		C01FCF4F08A954540054247B /* Debug */ = {
			isa = XCBuildConfiguration;
			buildSettings = {
				ARCHS = "$(ARCHS_STANDARD_32_BIT)";
				GCC_C_LANGUAGE_STANDARD = c99;
				GCC_WARN_ABOUT_RETURN_TYPE = YES;
				GCC_WARN_UNUSED_VARIABLE = YES;
				ONLY_ACTIVE_ARCH = YES;
				OTHER_CFLAGS = "-DDEBUG";
				PREBINDING = NO;
				SDKROOT = macosx10.5;
			};
			name = Debug;
		};
		C01FCF5008A954540054247B /* Release */ = {
			isa = XCBuildConfiguration;
			buildSettings = {
				ARCHS = "$(ARCHS_STANDARD_32_BIT)";
				"CODE_SIGN_IDENTITY[sdk=iphoneos*]" = "iPhone Developer";
				GCC_C_LANGUAGE_STANDARD = c99;
				GCC_WARN_ABOUT_RETURN_TYPE = YES;
				GCC_WARN_UNUSED_VARIABLE = YES;
				PREBINDING = NO;
				SDKROOT = macosx10.5;
			};
			name = Release;
		};
/* End XCBuildConfiguration section */

/* Begin XCConfigurationList section */
		A6E44B400E348B8600742087 /* Build configuration list for PBXNativeTarget "HessianKit" */ = {
			isa = XCConfigurationList;
			buildConfigurations = (
				A6E44B3E0E348B8500742087 /* Debug */,
				A6E44B3F0E348B8500742087 /* Release */,
			);
			defaultConfigurationIsVisible = 0;
			defaultConfigurationName = Release;
		};
		A6FC55300E9E3DD1008A1CD2 /* Build configuration list for PBXNativeTarget "HessianCocoaTest" */ = {
			isa = XCConfigurationList;
			buildConfigurations = (
				A6FC54A50E9E3D98008A1CD2 /* Debug */,
				A6FC54A60E9E3D98008A1CD2 /* Release */,
			);
			defaultConfigurationIsVisible = 0;
			defaultConfigurationName = Release;
		};
		C01FCF4E08A954540054247B /* Build configuration list for PBXProject "CocoaHessian" */ = {
			isa = XCConfigurationList;
			buildConfigurations = (
				C01FCF4F08A954540054247B /* Debug */,
				C01FCF5008A954540054247B /* Release */,
			);
			defaultConfigurationIsVisible = 0;
			defaultConfigurationName = Release;
		};
/* End XCConfigurationList section */
	};
	rootObject = 29B97313FDCFA39411CA2CEA /* Project object */;
}
