// !$*UTF8*$!
{
	archiveVersion = 1;
	classes = {
	};
	objectVersion = 45;
	objects = {

/* Begin PBXBuildFile section */
		A6CE14D90FE01684009CD7AA /* CWHessianConnection.m in Sources */ = {isa = PBXBuildFile; fileRef = A66189FB0E1A817B00EBFE66 /* CWHessianConnection.m */; };
		A6CE14DA0FE01684009CD7AA /* CWHessianCoder.m in Sources */ = {isa = PBXBuildFile; fileRef = A6618A0A0E1A92C600EBFE66 /* CWHessianCoder.m */; };
		A6CE14DB0FE01684009CD7AA /* CWHessianArchiver.m in Sources */ = {isa = PBXBuildFile; fileRef = A66189FE0E1A819700EBFE66 /* CWHessianArchiver.m */; };
		A6CE14DC0FE01684009CD7AA /* CWHessianArchiver+Private.m in Sources */ = {isa = PBXBuildFile; fileRef = A6618D500E1E81F500EBFE66 /* CWHessianArchiver+Private.m */; };
		A6CE14DD0FE01684009CD7AA /* CWHessianUnarchiver.m in Sources */ = {isa = PBXBuildFile; fileRef = A6618A010E1A81AE00EBFE66 /* CWHessianUnarchiver.m */; };
		A6CE14DE0FE01684009CD7AA /* CWHessianUnarchiver+Private.m in Sources */ = {isa = PBXBuildFile; fileRef = A6618D530E1E825000EBFE66 /* CWHessianUnarchiver+Private.m */; };
		A6CE14DF0FE01684009CD7AA /* CWDistantHessianObject.m in Sources */ = {isa = PBXBuildFile; fileRef = A6618A040E1A81C600EBFE66 /* CWDistantHessianObject.m */; };
		A6CE14E00FE01684009CD7AA /* CWDistantHessianObject+Private.m in Sources */ = {isa = PBXBuildFile; fileRef = A685F6F90E1EB9BE009547F2 /* CWDistantHessianObject+Private.m */; };
		A6CE14E10FE01684009CD7AA /* CWValueObject.m in Sources */ = {isa = PBXBuildFile; fileRef = A685FA760E1F0270009547F2 /* CWValueObject.m */; };
		A6CE14E20FE01684009CD7AA /* CWValueObject+Private.m in Sources */ = {isa = PBXBuildFile; fileRef = A6D0F5320E22846000ECE7C3 /* CWValueObject+Private.m */; };
		A6CE14E30FE01684009CD7AA /* NSData+ReadableDescription.m in Sources */ = {isa = PBXBuildFile; fileRef = A685F94B0E1EED8B009547F2 /* NSData+ReadableDescription.m */; };
		A6CE14E40FE016A2009CD7AA /* HessianKit.h in Headers */ = {isa = PBXBuildFile; fileRef = A685F8110E1EDBCF009547F2 /* HessianKit.h */; };
		A6CE14E50FE016A2009CD7AA /* CWHessianConnection.h in Headers */ = {isa = PBXBuildFile; fileRef = A66189FA0E1A817B00EBFE66 /* CWHessianConnection.h */; };
		A6CE14E60FE016A2009CD7AA /* CWHessianCoder.h in Headers */ = {isa = PBXBuildFile; fileRef = A6618A090E1A92C600EBFE66 /* CWHessianCoder.h */; };
		A6CE14E70FE016A2009CD7AA /* CWHessianArchiver.h in Headers */ = {isa = PBXBuildFile; fileRef = A66189FD0E1A819700EBFE66 /* CWHessianArchiver.h */; };
		A6CE14E80FE016A2009CD7AA /* CWDistantHessianObject.h in Headers */ = {isa = PBXBuildFile; fileRef = A6618A030E1A81C600EBFE66 /* CWDistantHessianObject.h */; };
		A6CE14E90FE016A2009CD7AA /* CWValueObject.h in Headers */ = {isa = PBXBuildFile; fileRef = A685FA750E1F0270009547F2 /* CWValueObject.h */; };
		A6CE151C0FE0191E009CD7AA /* HessianKit.h in Headers */ = {isa = PBXBuildFile; fileRef = A685F8110E1EDBCF009547F2 /* HessianKit.h */; settings = {ATTRIBUTES = (Public, ); }; };
		A6CE151D0FE0191E009CD7AA /* CWHessianConnection.h in Headers */ = {isa = PBXBuildFile; fileRef = A66189FA0E1A817B00EBFE66 /* CWHessianConnection.h */; settings = {ATTRIBUTES = (Public, ); }; };
		A6CE151E0FE0191E009CD7AA /* CWHessianCoder.h in Headers */ = {isa = PBXBuildFile; fileRef = A6618A090E1A92C600EBFE66 /* CWHessianCoder.h */; settings = {ATTRIBUTES = (Public, ); }; };
		A6CE151F0FE0191E009CD7AA /* CWHessianArchiver.h in Headers */ = {isa = PBXBuildFile; fileRef = A66189FD0E1A819700EBFE66 /* CWHessianArchiver.h */; settings = {ATTRIBUTES = (Public, ); }; };
		A6CE15200FE0191E009CD7AA /* CWDistantHessianObject.h in Headers */ = {isa = PBXBuildFile; fileRef = A6618A030E1A81C600EBFE66 /* CWDistantHessianObject.h */; settings = {ATTRIBUTES = (Public, ); }; };
		A6CE15210FE0191E009CD7AA /* CWValueObject.h in Headers */ = {isa = PBXBuildFile; fileRef = A685FA750E1F0270009547F2 /* CWValueObject.h */; settings = {ATTRIBUTES = (Public, ); }; };
		A6CE15220FE0193A009CD7AA /* CWHessianConnection.m in Sources */ = {isa = PBXBuildFile; fileRef = A66189FB0E1A817B00EBFE66 /* CWHessianConnection.m */; };
		A6CE15230FE0193A009CD7AA /* CWHessianCoder.m in Sources */ = {isa = PBXBuildFile; fileRef = A6618A0A0E1A92C600EBFE66 /* CWHessianCoder.m */; };
		A6CE15240FE0193A009CD7AA /* CWHessianArchiver.m in Sources */ = {isa = PBXBuildFile; fileRef = A66189FE0E1A819700EBFE66 /* CWHessianArchiver.m */; };
		A6CE15250FE0193A009CD7AA /* CWHessianArchiver+Private.m in Sources */ = {isa = PBXBuildFile; fileRef = A6618D500E1E81F500EBFE66 /* CWHessianArchiver+Private.m */; };
		A6CE15260FE0193A009CD7AA /* CWHessianUnarchiver.m in Sources */ = {isa = PBXBuildFile; fileRef = A6618A010E1A81AE00EBFE66 /* CWHessianUnarchiver.m */; };
		A6CE15270FE0193A009CD7AA /* CWHessianUnarchiver+Private.m in Sources */ = {isa = PBXBuildFile; fileRef = A6618D530E1E825000EBFE66 /* CWHessianUnarchiver+Private.m */; };
		A6CE15280FE0193A009CD7AA /* CWDistantHessianObject.m in Sources */ = {isa = PBXBuildFile; fileRef = A6618A040E1A81C600EBFE66 /* CWDistantHessianObject.m */; };
		A6CE15290FE0193A009CD7AA /* CWDistantHessianObject+Private.m in Sources */ = {isa = PBXBuildFile; fileRef = A685F6F90E1EB9BE009547F2 /* CWDistantHessianObject+Private.m */; };
		A6CE152A0FE0193A009CD7AA /* CWValueObject.m in Sources */ = {isa = PBXBuildFile; fileRef = A685FA760E1F0270009547F2 /* CWValueObject.m */; };
		A6CE152B0FE0193A009CD7AA /* CWValueObject+Private.m in Sources */ = {isa = PBXBuildFile; fileRef = A6D0F5320E22846000ECE7C3 /* CWValueObject+Private.m */; };
		A6CE152C0FE0193A009CD7AA /* NSData+ReadableDescription.m in Sources */ = {isa = PBXBuildFile; fileRef = A685F94B0E1EED8B009547F2 /* NSData+ReadableDescription.m */; };
		A6CE15B40FE01E9E009CD7AA /* libStaticHessianKit.a in Frameworks */ = {isa = PBXBuildFile; fileRef = A6CE14CA0FE01620009CD7AA /* libStaticHessianKit.a */; };
		A6CE16410FE01F51009CD7AA /* CWHessianKitBasicTests.m in Sources */ = {isa = PBXBuildFile; fileRef = A6CE16400FE01F51009CD7AA /* CWHessianKitBasicTests.m */; };
		A6CE16420FE01F51009CD7AA /* CWHessianKitBasicTests.m in Sources */ = {isa = PBXBuildFile; fileRef = A6CE16400FE01F51009CD7AA /* CWHessianKitBasicTests.m */; };
		A6CE17BE0FE048BF009CD7AA /* Foundation.framework in Frameworks */ = {isa = PBXBuildFile; fileRef = A6CE17BD0FE048BF009CD7AA /* Foundation.framework */; };
		A6CE180F0FE048E3009CD7AA /* Foundation.framework in Frameworks */ = {isa = PBXBuildFile; fileRef = A6CE180E0FE048E3009CD7AA /* Foundation.framework */; };
		A6CE181C0FE04980009CD7AA /* HessianKit.framework in CopyFiles */ = {isa = PBXBuildFile; fileRef = A61071EC0E34970800975244 /* HessianKit.framework */; };
		A6CE184A0FE04C15009CD7AA /* HessianKit.framework in Frameworks */ = {isa = PBXBuildFile; fileRef = A61071EC0E34970800975244 /* HessianKit.framework */; };
/* End PBXBuildFile section */

/* Begin PBXContainerItemProxy section */
		A6CE16750FE022DF009CD7AA /* PBXContainerItemProxy */ = {
			isa = PBXContainerItemProxy;
			containerPortal = 29B97313FDCFA39411CA2CEA /* Project object */;
			proxyType = 1;
			remoteGlobalIDString = A6CE14C90FE01620009CD7AA;
			remoteInfo = StaticHessianKit;
		};
		A6CE18410FE04B91009CD7AA /* PBXContainerItemProxy */ = {
			isa = PBXContainerItemProxy;
			containerPortal = 29B97313FDCFA39411CA2CEA /* Project object */;
			proxyType = 1;
			remoteGlobalIDString = A6CE15140FE018C8009CD7AA;
			remoteInfo = HessianKit;
		};
/* End PBXContainerItemProxy section */

/* Begin PBXCopyFilesBuildPhase section */
		A6CE15360FE01970009CD7AA /* CopyFiles */ = {
			isa = PBXCopyFilesBuildPhase;
			buildActionMask = 2147483647;
			dstPath = Documentation;
			dstSubfolderSpec = 7;
			files = (
			);
			runOnlyForDeploymentPostprocessing = 0;
		};
		A6CE18260FE049B7009CD7AA /* CopyFiles */ = {
			isa = PBXCopyFilesBuildPhase;
			buildActionMask = 2147483647;
			dstPath = "";
			dstSubfolderSpec = 10;
			files = (
				A6CE181C0FE04980009CD7AA /* HessianKit.framework in CopyFiles */,
			);
			runOnlyForDeploymentPostprocessing = 0;
		};
/* End PBXCopyFilesBuildPhase section */

/* Begin PBXFileReference section */
		A61071EC0E34970800975244 /* HessianKit.framework */ = {isa = PBXFileReference; lastKnownFileType = wrapper.framework; name = HessianKit.framework; path = ../Debug/HessianKit.framework; sourceTree = BUILT_PRODUCTS_DIR; };
		A66189FA0E1A817B00EBFE66 /* CWHessianConnection.h */ = {isa = PBXFileReference; fileEncoding = 4; lastKnownFileType = sourcecode.c.h; name = CWHessianConnection.h; path = HessianClasses/CWHessianConnection.h; sourceTree = "<group>"; };
		A66189FB0E1A817B00EBFE66 /* CWHessianConnection.m */ = {isa = PBXFileReference; fileEncoding = 4; lastKnownFileType = sourcecode.c.objc; name = CWHessianConnection.m; path = HessianClasses/CWHessianConnection.m; sourceTree = "<group>"; };
		A66189FD0E1A819700EBFE66 /* CWHessianArchiver.h */ = {isa = PBXFileReference; fileEncoding = 4; lastKnownFileType = sourcecode.c.h; name = CWHessianArchiver.h; path = HessianClasses/CWHessianArchiver.h; sourceTree = "<group>"; };
		A66189FE0E1A819700EBFE66 /* CWHessianArchiver.m */ = {isa = PBXFileReference; fileEncoding = 4; lastKnownFileType = sourcecode.c.objc; name = CWHessianArchiver.m; path = HessianClasses/CWHessianArchiver.m; sourceTree = "<group>"; };
		A6618A000E1A81AE00EBFE66 /* CWHessianArchiver+Private.h */ = {isa = PBXFileReference; fileEncoding = 4; lastKnownFileType = sourcecode.c.h; name = "CWHessianArchiver+Private.h"; path = "HessianClasses/CWHessianArchiver+Private.h"; sourceTree = "<group>"; };
		A6618A010E1A81AE00EBFE66 /* CWHessianUnarchiver.m */ = {isa = PBXFileReference; fileEncoding = 4; lastKnownFileType = sourcecode.c.objc; name = CWHessianUnarchiver.m; path = HessianClasses/CWHessianUnarchiver.m; sourceTree = "<group>"; };
		A6618A030E1A81C600EBFE66 /* CWDistantHessianObject.h */ = {isa = PBXFileReference; fileEncoding = 4; lastKnownFileType = sourcecode.c.h; name = CWDistantHessianObject.h; path = HessianClasses/CWDistantHessianObject.h; sourceTree = "<group>"; };
		A6618A040E1A81C600EBFE66 /* CWDistantHessianObject.m */ = {isa = PBXFileReference; fileEncoding = 4; lastKnownFileType = sourcecode.c.objc; name = CWDistantHessianObject.m; path = HessianClasses/CWDistantHessianObject.m; sourceTree = "<group>"; };
		A6618A090E1A92C600EBFE66 /* CWHessianCoder.h */ = {isa = PBXFileReference; fileEncoding = 4; lastKnownFileType = sourcecode.c.h; name = CWHessianCoder.h; path = HessianClasses/CWHessianCoder.h; sourceTree = "<group>"; };
		A6618A0A0E1A92C600EBFE66 /* CWHessianCoder.m */ = {isa = PBXFileReference; fileEncoding = 4; lastKnownFileType = sourcecode.c.objc; name = CWHessianCoder.m; path = HessianClasses/CWHessianCoder.m; sourceTree = "<group>"; };
		A6618D500E1E81F500EBFE66 /* CWHessianArchiver+Private.m */ = {isa = PBXFileReference; fileEncoding = 4; lastKnownFileType = sourcecode.c.objc; name = "CWHessianArchiver+Private.m"; path = "HessianClasses/CWHessianArchiver+Private.m"; sourceTree = "<group>"; };
		A6618D530E1E825000EBFE66 /* CWHessianUnarchiver+Private.m */ = {isa = PBXFileReference; fileEncoding = 4; lastKnownFileType = sourcecode.c.objc; name = "CWHessianUnarchiver+Private.m"; path = "HessianClasses/CWHessianUnarchiver+Private.m"; sourceTree = "<group>"; };
		A685F6F80E1EB9BE009547F2 /* CWDistantHessianObject+Private.h */ = {isa = PBXFileReference; fileEncoding = 4; lastKnownFileType = sourcecode.c.h; name = "CWDistantHessianObject+Private.h"; path = "HessianClasses/CWDistantHessianObject+Private.h"; sourceTree = "<group>"; };
		A685F6F90E1EB9BE009547F2 /* CWDistantHessianObject+Private.m */ = {isa = PBXFileReference; fileEncoding = 4; lastKnownFileType = sourcecode.c.objc; name = "CWDistantHessianObject+Private.m"; path = "HessianClasses/CWDistantHessianObject+Private.m"; sourceTree = "<group>"; };
		A685F80E0E1EDAFA009547F2 /* Test.h */ = {isa = PBXFileReference; fileEncoding = 4; lastKnownFileType = sourcecode.c.h; name = Test.h; path = Classes/Test.h; sourceTree = "<group>"; };
		A685F8110E1EDBCF009547F2 /* HessianKit.h */ = {isa = PBXFileReference; fileEncoding = 4; lastKnownFileType = sourcecode.c.h; name = HessianKit.h; path = HessianClasses/HessianKit.h; sourceTree = "<group>"; };
		A685F94A0E1EED8B009547F2 /* NSData+ReadableDescription.h */ = {isa = PBXFileReference; fileEncoding = 4; lastKnownFileType = sourcecode.c.h; name = "NSData+ReadableDescription.h"; path = "Classes/NSData+ReadableDescription.h"; sourceTree = "<group>"; };
		A685F94B0E1EED8B009547F2 /* NSData+ReadableDescription.m */ = {isa = PBXFileReference; fileEncoding = 4; lastKnownFileType = sourcecode.c.objc; name = "NSData+ReadableDescription.m"; path = "Classes/NSData+ReadableDescription.m"; sourceTree = "<group>"; };
		A685FA750E1F0270009547F2 /* CWValueObject.h */ = {isa = PBXFileReference; fileEncoding = 4; lastKnownFileType = sourcecode.c.h; name = CWValueObject.h; path = HessianClasses/CWValueObject.h; sourceTree = "<group>"; };
		A685FA760E1F0270009547F2 /* CWValueObject.m */ = {isa = PBXFileReference; fileEncoding = 4; lastKnownFileType = sourcecode.c.objc; name = CWValueObject.m; path = HessianClasses/CWValueObject.m; sourceTree = "<group>"; };
		A6CE14CA0FE01620009CD7AA /* libStaticHessianKit.a */ = {isa = PBXFileReference; explicitFileType = archive.ar; includeInIndex = 0; path = libStaticHessianKit.a; sourceTree = BUILT_PRODUCTS_DIR; };
		A6CE15AF0FE01E7C009CD7AA /* iPhoneTests.octest */ = {isa = PBXFileReference; explicitFileType = wrapper.cfbundle; includeInIndex = 0; path = iPhoneTests.octest; sourceTree = BUILT_PRODUCTS_DIR; };
		A6CE15B00FE01E7C009CD7AA /* iPhoneTests-Info.plist */ = {isa = PBXFileReference; lastKnownFileType = text.plist.xml; path = "iPhoneTests-Info.plist"; sourceTree = "<group>"; };
		A6CE15BA0FE01ED1009CD7AA /* MacTests.octest */ = {isa = PBXFileReference; explicitFileType = wrapper.cfbundle; includeInIndex = 0; path = MacTests.octest; sourceTree = BUILT_PRODUCTS_DIR; };
		A6CE15BB0FE01ED1009CD7AA /* MacTests-Info.plist */ = {isa = PBXFileReference; lastKnownFileType = text.plist.xml; path = "MacTests-Info.plist"; sourceTree = "<group>"; };
		A6CE163F0FE01F51009CD7AA /* CWHessianKitBasicTests.h */ = {isa = PBXFileReference; fileEncoding = 4; lastKnownFileType = sourcecode.c.h; name = CWHessianKitBasicTests.h; path = Classes/CWHessianKitBasicTests.h; sourceTree = "<group>"; };
		A6CE16400FE01F51009CD7AA /* CWHessianKitBasicTests.m */ = {isa = PBXFileReference; fileEncoding = 4; lastKnownFileType = sourcecode.c.objc; name = CWHessianKitBasicTests.m; path = Classes/CWHessianKitBasicTests.m; sourceTree = "<group>"; };
		A6CE17BD0FE048BF009CD7AA /* Foundation.framework */ = {isa = PBXFileReference; lastKnownFileType = wrapper.framework; name = Foundation.framework; path = System/Library/Frameworks/Foundation.framework; sourceTree = SDKROOT; };
		A6CE180E0FE048E3009CD7AA /* Foundation.framework */ = {isa = PBXFileReference; lastKnownFileType = wrapper.framework; name = Foundation.framework; path = System/Library/Frameworks/Foundation.framework; sourceTree = SDKROOT; };
		A6CE184E0FE04F4A009CD7AA /* README.TXT */ = {isa = PBXFileReference; fileEncoding = 4; lastKnownFileType = text; path = README.TXT; sourceTree = "<group>"; };
		A6D0F5310E22846000ECE7C3 /* CWValueObject+Private.h */ = {isa = PBXFileReference; fileEncoding = 4; lastKnownFileType = sourcecode.c.h; name = "CWValueObject+Private.h"; path = "HessianClasses/CWValueObject+Private.h"; sourceTree = "<group>"; };
		A6D0F5320E22846000ECE7C3 /* CWValueObject+Private.m */ = {isa = PBXFileReference; fileEncoding = 4; lastKnownFileType = sourcecode.c.objc; name = "CWValueObject+Private.m"; path = "HessianClasses/CWValueObject+Private.m"; sourceTree = "<group>"; };
		A6D0F5340E228A9200ECE7C3 /* ValueTest.h */ = {isa = PBXFileReference; fileEncoding = 4; lastKnownFileType = sourcecode.c.h; name = ValueTest.h; path = Classes/ValueTest.h; sourceTree = "<group>"; };
		A6D0F87C0E23BB9500ECE7C3 /* Hessian.hdoc */ = {isa = PBXFileReference; fileEncoding = 4; lastKnownFileType = text; name = Hessian.hdoc; path = HessianClasses/Hessian.hdoc; sourceTree = "<group>"; };
		A6D0F8DA0E23C53A00ECE7C3 /* Makefile */ = {isa = PBXFileReference; fileEncoding = 4; lastKnownFileType = sourcecode.make; path = Makefile; sourceTree = "<group>"; usesTabs = 1; };
		A6D0F8FB0E23C7B300ECE7C3 /* headerDoc2HTML.config */ = {isa = PBXFileReference; fileEncoding = 4; lastKnownFileType = text; path = headerDoc2HTML.config; sourceTree = "<group>"; };
		A6D0F8FC0E23C7E100ECE7C3 /* HeaderDocTOCTemplate.html */ = {isa = PBXFileReference; fileEncoding = 4; lastKnownFileType = text.html; path = HeaderDocTOCTemplate.html; sourceTree = "<group>"; };
		A6E44B3D0E348B8500742087 /* HessianKit-Info.plist */ = {isa = PBXFileReference; lastKnownFileType = text.plist.xml; path = "HessianKit-Info.plist"; sourceTree = "<group>"; };
/* End PBXFileReference section */

/* Begin PBXFrameworksBuildPhase section */
		A6CE14C80FE01620009CD7AA /* Frameworks */ = {
			isa = PBXFrameworksBuildPhase;
			buildActionMask = 2147483647;
			files = (
				A6CE17BE0FE048BF009CD7AA /* Foundation.framework in Frameworks */,
			);
			runOnlyForDeploymentPostprocessing = 0;
		};
		A6CE15130FE018C8009CD7AA /* Frameworks */ = {
			isa = PBXFrameworksBuildPhase;
			buildActionMask = 2147483647;
			files = (
				A6CE180F0FE048E3009CD7AA /* Foundation.framework in Frameworks */,
			);
			runOnlyForDeploymentPostprocessing = 0;
		};
		A6CE15AC0FE01E7C009CD7AA /* Frameworks */ = {
			isa = PBXFrameworksBuildPhase;
			buildActionMask = 2147483647;
			files = (
				A6CE15B40FE01E9E009CD7AA /* libStaticHessianKit.a in Frameworks */,
			);
			runOnlyForDeploymentPostprocessing = 0;
		};
		A6CE15B70FE01ED1009CD7AA /* Frameworks */ = {
			isa = PBXFrameworksBuildPhase;
			buildActionMask = 2147483647;
			files = (
				A6CE184A0FE04C15009CD7AA /* HessianKit.framework in Frameworks */,
			);
			runOnlyForDeploymentPostprocessing = 0;
		};
/* End PBXFrameworksBuildPhase section */

/* Begin PBXGroup section */
		19C28FACFE9D520D11CA2CBB /* Products */ = {
			isa = PBXGroup;
			children = (
				A61071EC0E34970800975244 /* HessianKit.framework */,
				A6CE14CA0FE01620009CD7AA /* libStaticHessianKit.a */,
				A6CE15AF0FE01E7C009CD7AA /* iPhoneTests.octest */,
				A6CE15BA0FE01ED1009CD7AA /* MacTests.octest */,
			);
			name = Products;
			sourceTree = "<group>";
		};
		29B97314FDCFA39411CA2CEA /* CustomTemplate */ = {
			isa = PBXGroup;
			children = (
				A6CE184E0FE04F4A009CD7AA /* README.TXT */,
				A6CE150F0FE01898009CD7AA /* Unit Test */,
				A66189AC0E19FA0900EBFE66 /* HessianKit */,
				29B97317FDCFA39411CA2CEA /* Resources */,
				A6E44BA50E348CB800742087 /* Frameworks */,
				29B97323FDCFA39411CA2CEA /* TouchFrameworks */,
				19C28FACFE9D520D11CA2CBB /* Products */,
			);
			name = CustomTemplate;
			sourceTree = "<group>";
		};
		29B97317FDCFA39411CA2CEA /* Resources */ = {
			isa = PBXGroup;
			children = (
				A6E44B3D0E348B8500742087 /* HessianKit-Info.plist */,
				A6CE15B00FE01E7C009CD7AA /* iPhoneTests-Info.plist */,
				A6CE15BB0FE01ED1009CD7AA /* MacTests-Info.plist */,
			);
			name = Resources;
			sourceTree = "<group>";
		};
		29B97323FDCFA39411CA2CEA /* TouchFrameworks */ = {
			isa = PBXGroup;
			children = (
				A6CE17BD0FE048BF009CD7AA /* Foundation.framework */,
			);
			name = TouchFrameworks;
			sourceTree = "<group>";
		};
		A66189AC0E19FA0900EBFE66 /* HessianKit */ = {
			isa = PBXGroup;
			children = (
				A6D0F8FA0E23C79B00ECE7C3 /* DocGen */,
				A6618A080E1A92AB00EBFE66 /* Public */,
				A685F6FB0E1EBA10009547F2 /* Private */,
			);
			name = HessianKit;
			sourceTree = "<group>";
		};
		A6618A080E1A92AB00EBFE66 /* Public */ = {
			isa = PBXGroup;
			children = (
				A685F8110E1EDBCF009547F2 /* HessianKit.h */,
				A66189FA0E1A817B00EBFE66 /* CWHessianConnection.h */,
				A6618A090E1A92C600EBFE66 /* CWHessianCoder.h */,
				A66189FD0E1A819700EBFE66 /* CWHessianArchiver.h */,
				A6618A030E1A81C600EBFE66 /* CWDistantHessianObject.h */,
				A685FA750E1F0270009547F2 /* CWValueObject.h */,
				A6D0F87C0E23BB9500ECE7C3 /* Hessian.hdoc */,
			);
			name = Public;
			sourceTree = "<group>";
		};
		A685F6FB0E1EBA10009547F2 /* Private */ = {
			isa = PBXGroup;
			children = (
				A6618A000E1A81AE00EBFE66 /* CWHessianArchiver+Private.h */,
				A685F6F80E1EB9BE009547F2 /* CWDistantHessianObject+Private.h */,
				A6D0F5310E22846000ECE7C3 /* CWValueObject+Private.h */,
				A685F94A0E1EED8B009547F2 /* NSData+ReadableDescription.h */,
				A66189FB0E1A817B00EBFE66 /* CWHessianConnection.m */,
				A6618A0A0E1A92C600EBFE66 /* CWHessianCoder.m */,
				A66189FE0E1A819700EBFE66 /* CWHessianArchiver.m */,
				A6618D500E1E81F500EBFE66 /* CWHessianArchiver+Private.m */,
				A6618A010E1A81AE00EBFE66 /* CWHessianUnarchiver.m */,
				A6618D530E1E825000EBFE66 /* CWHessianUnarchiver+Private.m */,
				A6618A040E1A81C600EBFE66 /* CWDistantHessianObject.m */,
				A685F6F90E1EB9BE009547F2 /* CWDistantHessianObject+Private.m */,
				A685FA760E1F0270009547F2 /* CWValueObject.m */,
				A6D0F5320E22846000ECE7C3 /* CWValueObject+Private.m */,
				A685F94B0E1EED8B009547F2 /* NSData+ReadableDescription.m */,
			);
			name = Private;
			sourceTree = "<group>";
		};
		A6CE150F0FE01898009CD7AA /* Unit Test */ = {
			isa = PBXGroup;
			children = (
				A685F80E0E1EDAFA009547F2 /* Test.h */,
				A6D0F5340E228A9200ECE7C3 /* ValueTest.h */,
				A6CE163F0FE01F51009CD7AA /* CWHessianKitBasicTests.h */,
				A6CE16400FE01F51009CD7AA /* CWHessianKitBasicTests.m */,
			);
			name = "Unit Test";
			sourceTree = "<group>";
		};
		A6D0F8FA0E23C79B00ECE7C3 /* DocGen */ = {
			isa = PBXGroup;
			children = (
				A6D0F8DA0E23C53A00ECE7C3 /* Makefile */,
				A6D0F8FB0E23C7B300ECE7C3 /* headerDoc2HTML.config */,
				A6D0F8FC0E23C7E100ECE7C3 /* HeaderDocTOCTemplate.html */,
			);
			name = DocGen;
			sourceTree = "<group>";
		};
		A6E44BA50E348CB800742087 /* Frameworks */ = {
			isa = PBXGroup;
			children = (
				A6CE180E0FE048E3009CD7AA /* Foundation.framework */,
			);
			name = Frameworks;
			sourceTree = "<group>";
		};
/* End PBXGroup section */

/* Begin PBXHeadersBuildPhase section */
		A6CE14C60FE01620009CD7AA /* Headers */ = {
			isa = PBXHeadersBuildPhase;
			buildActionMask = 2147483647;
			files = (
				A6CE14E40FE016A2009CD7AA /* HessianKit.h in Headers */,
				A6CE14E50FE016A2009CD7AA /* CWHessianConnection.h in Headers */,
				A6CE14E60FE016A2009CD7AA /* CWHessianCoder.h in Headers */,
				A6CE14E70FE016A2009CD7AA /* CWHessianArchiver.h in Headers */,
				A6CE14E80FE016A2009CD7AA /* CWDistantHessianObject.h in Headers */,
				A6CE14E90FE016A2009CD7AA /* CWValueObject.h in Headers */,
			);
			runOnlyForDeploymentPostprocessing = 0;
		};
		A6CE15100FE018C8009CD7AA /* Headers */ = {
			isa = PBXHeadersBuildPhase;
			buildActionMask = 2147483647;
			files = (
				A6CE151C0FE0191E009CD7AA /* HessianKit.h in Headers */,
				A6CE151D0FE0191E009CD7AA /* CWHessianConnection.h in Headers */,
				A6CE151E0FE0191E009CD7AA /* CWHessianCoder.h in Headers */,
				A6CE151F0FE0191E009CD7AA /* CWHessianArchiver.h in Headers */,
				A6CE15200FE0191E009CD7AA /* CWDistantHessianObject.h in Headers */,
				A6CE15210FE0191E009CD7AA /* CWValueObject.h in Headers */,
			);
			runOnlyForDeploymentPostprocessing = 0;
		};
/* End PBXHeadersBuildPhase section */

/* Begin PBXLegacyTarget section */
		A6CE14EB0FE01789009CD7AA /* Documentation */ = {
			isa = PBXLegacyTarget;
			buildArgumentsString = "$(ACTION)";
			buildConfigurationList = A6CE14FE0FE01795009CD7AA /* Build configuration list for PBXLegacyTarget "Documentation" */;
			buildPhases = (
			);
			buildToolPath = /usr/bin/make;
			dependencies = (
			);
			name = Documentation;
			passBuildSettingsInEnvironment = 1;
			productName = Documentaion;
		};
/* End PBXLegacyTarget section */

/* Begin PBXNativeTarget section */
		A6CE14C90FE01620009CD7AA /* StaticHessianKit */ = {
			isa = PBXNativeTarget;
			buildConfigurationList = A6CE14CD0FE0163E009CD7AA /* Build configuration list for PBXNativeTarget "StaticHessianKit" */;
			buildPhases = (
				A6CE14C60FE01620009CD7AA /* Headers */,
				A6CE14C70FE01620009CD7AA /* Sources */,
				A6CE14C80FE01620009CD7AA /* Frameworks */,
			);
			buildRules = (
			);
			dependencies = (
			);
			name = StaticHessianKit;
			productName = libHessianKit;
			productReference = A6CE14CA0FE01620009CD7AA /* libStaticHessianKit.a */;
			productType = "com.apple.product-type.library.static";
		};
		A6CE15140FE018C8009CD7AA /* HessianKit */ = {
			isa = PBXNativeTarget;
			buildConfigurationList = A6CE15190FE018FD009CD7AA /* Build configuration list for PBXNativeTarget "HessianKit" */;
			buildPhases = (
				A6CE15100FE018C8009CD7AA /* Headers */,
				A6CE15120FE018C8009CD7AA /* Sources */,
				A6CE15130FE018C8009CD7AA /* Frameworks */,
				A6CE15360FE01970009CD7AA /* CopyFiles */,
			);
			buildRules = (
			);
			dependencies = (
			);
			name = HessianKit;
			productName = HessianKit;
			productType = "com.apple.product-type.framework";
		};
		A6CE15AE0FE01E7C009CD7AA /* iPhoneTests */ = {
			isa = PBXNativeTarget;
			buildConfigurationList = A6CE15B30FE01E7D009CD7AA /* Build configuration list for PBXNativeTarget "iPhoneTests" */;
			buildPhases = (
				A6CE15AA0FE01E7C009CD7AA /* Resources */,
				A6CE15AB0FE01E7C009CD7AA /* Sources */,
				A6CE15AC0FE01E7C009CD7AA /* Frameworks */,
				A6CE15AD0FE01E7C009CD7AA /* ShellScript */,
			);
			buildRules = (
			);
			dependencies = (
				A6CE16760FE022DF009CD7AA /* PBXTargetDependency */,
			);
			name = iPhoneTests;
			productName = iPhoneTest;
			productReference = A6CE15AF0FE01E7C009CD7AA /* iPhoneTests.octest */;
			productType = "com.apple.product-type.bundle";
		};
		A6CE15B90FE01ED1009CD7AA /* MacTests */ = {
			isa = PBXNativeTarget;
			buildConfigurationList = A6CE15BE0FE01ED2009CD7AA /* Build configuration list for PBXNativeTarget "MacTests" */;
			buildPhases = (
				A6CE18260FE049B7009CD7AA /* CopyFiles */,
				A6CE15B50FE01ED1009CD7AA /* Resources */,
				A6CE15B60FE01ED1009CD7AA /* Sources */,
				A6CE15B70FE01ED1009CD7AA /* Frameworks */,
				A6CE15B80FE01ED1009CD7AA /* ShellScript */,
			);
			buildRules = (
			);
			dependencies = (
				A6CE18420FE04B91009CD7AA /* PBXTargetDependency */,
			);
			name = MacTests;
			productName = MacTest;
			productReference = A6CE15BA0FE01ED1009CD7AA /* MacTests.octest */;
			productType = "com.apple.product-type.bundle";
		};
/* End PBXNativeTarget section */

/* Begin PBXProject section */
		29B97313FDCFA39411CA2CEA /* Project object */ = {
			isa = PBXProject;
			buildConfigurationList = C01FCF4E08A954540054247B /* Build configuration list for PBXProject "HessianKit" */;
			compatibilityVersion = "Xcode 3.1";
			hasScannedForEncodings = 1;
			knownRegions = (
				English,
				Japanese,
				French,
				German,
				en,
			);
			mainGroup = 29B97314FDCFA39411CA2CEA /* CustomTemplate */;
			projectDirPath = "";
			projectRoot = "";
			targets = (
				A6CE14C90FE01620009CD7AA /* StaticHessianKit */,
				A6CE14EB0FE01789009CD7AA /* Documentation */,
				A6CE15140FE018C8009CD7AA /* HessianKit */,
				A6CE15AE0FE01E7C009CD7AA /* iPhoneTests */,
				A6CE15B90FE01ED1009CD7AA /* MacTests */,
			);
		};
/* End PBXProject section */

/* Begin PBXResourcesBuildPhase section */
		A6CE15AA0FE01E7C009CD7AA /* Resources */ = {
			isa = PBXResourcesBuildPhase;
			buildActionMask = 2147483647;
			files = (
			);
			runOnlyForDeploymentPostprocessing = 0;
		};
		A6CE15B50FE01ED1009CD7AA /* Resources */ = {
			isa = PBXResourcesBuildPhase;
			buildActionMask = 2147483647;
			files = (
			);
			runOnlyForDeploymentPostprocessing = 0;
		};
/* End PBXResourcesBuildPhase section */

/* Begin PBXShellScriptBuildPhase section */
		A6CE15AD0FE01E7C009CD7AA /* ShellScript */ = {
			isa = PBXShellScriptBuildPhase;
			buildActionMask = 2147483647;
			files = (
			);
			inputPaths = (
			);
			outputPaths = (
			);
			runOnlyForDeploymentPostprocessing = 0;
			shellPath = /bin/sh;
			shellScript = "# Run the unit tests in this test bundle.\n\"${SYSTEM_DEVELOPER_DIR}/Tools/RunUnitTests\"\n";
		};
		A6CE15B80FE01ED1009CD7AA /* ShellScript */ = {
			isa = PBXShellScriptBuildPhase;
			buildActionMask = 2147483647;
			files = (
			);
			inputPaths = (
			);
			outputPaths = (
			);
			runOnlyForDeploymentPostprocessing = 0;
			shellPath = /bin/sh;
			shellScript = "# Run the unit tests in this test bundle.\n\"${SYSTEM_DEVELOPER_DIR}/Tools/RunUnitTests\"\n";
		};
/* End PBXShellScriptBuildPhase section */

/* Begin PBXSourcesBuildPhase section */
		A6CE14C70FE01620009CD7AA /* Sources */ = {
			isa = PBXSourcesBuildPhase;
			buildActionMask = 2147483647;
			files = (
				A6CE14D90FE01684009CD7AA /* CWHessianConnection.m in Sources */,
				A6CE14DA0FE01684009CD7AA /* CWHessianCoder.m in Sources */,
				A6CE14DB0FE01684009CD7AA /* CWHessianArchiver.m in Sources */,
				A6CE14DC0FE01684009CD7AA /* CWHessianArchiver+Private.m in Sources */,
				A6CE14DD0FE01684009CD7AA /* CWHessianUnarchiver.m in Sources */,
				A6CE14DE0FE01684009CD7AA /* CWHessianUnarchiver+Private.m in Sources */,
				A6CE14DF0FE01684009CD7AA /* CWDistantHessianObject.m in Sources */,
				A6CE14E00FE01684009CD7AA /* CWDistantHessianObject+Private.m in Sources */,
				A6CE14E10FE01684009CD7AA /* CWValueObject.m in Sources */,
				A6CE14E20FE01684009CD7AA /* CWValueObject+Private.m in Sources */,
				A6CE14E30FE01684009CD7AA /* NSData+ReadableDescription.m in Sources */,
			);
			runOnlyForDeploymentPostprocessing = 0;
		};
		A6CE15120FE018C8009CD7AA /* Sources */ = {
			isa = PBXSourcesBuildPhase;
			buildActionMask = 2147483647;
			files = (
				A6CE15220FE0193A009CD7AA /* CWHessianConnection.m in Sources */,
				A6CE15230FE0193A009CD7AA /* CWHessianCoder.m in Sources */,
				A6CE15240FE0193A009CD7AA /* CWHessianArchiver.m in Sources */,
				A6CE15250FE0193A009CD7AA /* CWHessianArchiver+Private.m in Sources */,
				A6CE15260FE0193A009CD7AA /* CWHessianUnarchiver.m in Sources */,
				A6CE15270FE0193A009CD7AA /* CWHessianUnarchiver+Private.m in Sources */,
				A6CE15280FE0193A009CD7AA /* CWDistantHessianObject.m in Sources */,
				A6CE15290FE0193A009CD7AA /* CWDistantHessianObject+Private.m in Sources */,
				A6CE152A0FE0193A009CD7AA /* CWValueObject.m in Sources */,
				A6CE152B0FE0193A009CD7AA /* CWValueObject+Private.m in Sources */,
				A6CE152C0FE0193A009CD7AA /* NSData+ReadableDescription.m in Sources */,
			);
			runOnlyForDeploymentPostprocessing = 0;
		};
		A6CE15AB0FE01E7C009CD7AA /* Sources */ = {
			isa = PBXSourcesBuildPhase;
			buildActionMask = 2147483647;
			files = (
				A6CE16410FE01F51009CD7AA /* CWHessianKitBasicTests.m in Sources */,
			);
			runOnlyForDeploymentPostprocessing = 0;
		};
		A6CE15B60FE01ED1009CD7AA /* Sources */ = {
			isa = PBXSourcesBuildPhase;
			buildActionMask = 2147483647;
			files = (
				A6CE16420FE01F51009CD7AA /* CWHessianKitBasicTests.m in Sources */,
			);
			runOnlyForDeploymentPostprocessing = 0;
		};
/* End PBXSourcesBuildPhase section */

/* Begin PBXTargetDependency section */
		A6CE16760FE022DF009CD7AA /* PBXTargetDependency */ = {
			isa = PBXTargetDependency;
			target = A6CE14C90FE01620009CD7AA /* StaticHessianKit */;
			targetProxy = A6CE16750FE022DF009CD7AA /* PBXContainerItemProxy */;
		};
		A6CE18420FE04B91009CD7AA /* PBXTargetDependency */ = {
			isa = PBXTargetDependency;
			target = A6CE15140FE018C8009CD7AA /* HessianKit */;
			targetProxy = A6CE18410FE04B91009CD7AA /* PBXContainerItemProxy */;
		};
/* End PBXTargetDependency section */

/* Begin XCBuildConfiguration section */
		A6CE14CB0FE01620009CD7AA /* Debug */ = {
			isa = XCBuildConfiguration;
			buildSettings = {
				ALWAYS_SEARCH_USER_PATHS = NO;
				COPY_PHASE_STRIP = NO;
				GCC_DYNAMIC_NO_PIC = NO;
				GCC_OPTIMIZATION_LEVEL = 0;
				OTHER_LDFLAGS = "-ObjC";
				PREBINDING = NO;
				PRODUCT_NAME = StaticHessianKit;
				SDKROOT = iphonesimulator2.0;
			};
			name = Debug;
		};
		A6CE14CC0FE01620009CD7AA /* Release */ = {
			isa = XCBuildConfiguration;
			buildSettings = {
				ALWAYS_SEARCH_USER_PATHS = NO;
				COPY_PHASE_STRIP = YES;
				DEBUG_INFORMATION_FORMAT = "dwarf-with-dsym";
				GCC_ENABLE_FIX_AND_CONTINUE = NO;
				PREBINDING = NO;
				PRODUCT_NAME = StaticHessianKit;
				SDKROOT = iphonesimulator2.0;
				ZERO_LINK = NO;
			};
			name = Release;
		};
		A6CE14EC0FE01789009CD7AA /* Debug */ = {
			isa = XCBuildConfiguration;
			buildSettings = {
				COPY_PHASE_STRIP = NO;
				GCC_DYNAMIC_NO_PIC = NO;
				GCC_OPTIMIZATION_LEVEL = 0;
				PRODUCT_NAME = Documentaion;
			};
			name = Debug;
		};
		A6CE14ED0FE01789009CD7AA /* Release */ = {
			isa = XCBuildConfiguration;
			buildSettings = {
				COPY_PHASE_STRIP = YES;
				DEBUG_INFORMATION_FORMAT = "dwarf-with-dsym";
				GCC_ENABLE_FIX_AND_CONTINUE = NO;
				PRODUCT_NAME = Documentaion;
				ZERO_LINK = NO;
			};
			name = Release;
		};
		A6CE15150FE018C9009CD7AA /* Debug */ = {
			isa = XCBuildConfiguration;
			buildSettings = {
				ALWAYS_SEARCH_USER_PATHS = NO;
				COPY_PHASE_STRIP = NO;
				DYLIB_COMPATIBILITY_VERSION = 1;
				DYLIB_CURRENT_VERSION = 1;
				FRAMEWORK_VERSION = A;
				GCC_DYNAMIC_NO_PIC = NO;
				GCC_ENABLE_FIX_AND_CONTINUE = YES;
				GCC_MODEL_TUNING = G5;
				GCC_OPTIMIZATION_LEVEL = 0;
				GCC_PRECOMPILE_PREFIX_HEADER = YES;
				GCC_PREFIX_HEADER = "$(SYSTEM_LIBRARY_DIR)/Frameworks/AppKit.framework/Headers/AppKit.h";
				INFOPLIST_FILE = "HessianKit-Info.plist";
				INSTALL_PATH = "$(HOME)/Library/Frameworks";
				OTHER_LDFLAGS = (
					"-framework",
					Foundation,
					"-framework",
					AppKit,
				);
				PREBINDING = NO;
				PRODUCT_NAME = HessianKit;
				SDKROOT = macosx10.5;
			};
			name = Debug;
		};
		A6CE15160FE018C9009CD7AA /* Release */ = {
			isa = XCBuildConfiguration;
			buildSettings = {
				ALWAYS_SEARCH_USER_PATHS = NO;
				COPY_PHASE_STRIP = YES;
				DEBUG_INFORMATION_FORMAT = "dwarf-with-dsym";
				DYLIB_COMPATIBILITY_VERSION = 1;
				DYLIB_CURRENT_VERSION = 1;
				FRAMEWORK_VERSION = A;
				GCC_ENABLE_FIX_AND_CONTINUE = NO;
				GCC_MODEL_TUNING = G5;
				GCC_PRECOMPILE_PREFIX_HEADER = YES;
				GCC_PREFIX_HEADER = "$(SYSTEM_LIBRARY_DIR)/Frameworks/AppKit.framework/Headers/AppKit.h";
				INFOPLIST_FILE = "HessianKit-Info.plist";
				INSTALL_PATH = "$(HOME)/Library/Frameworks";
				OTHER_LDFLAGS = (
					"-framework",
					Foundation,
					"-framework",
					AppKit,
				);
				PREBINDING = NO;
				PRODUCT_NAME = HessianKit;
				SDKROOT = macosx10.5;
				ZERO_LINK = NO;
			};
			name = Release;
		};
		A6CE15B10FE01E7D009CD7AA /* Debug */ = {
			isa = XCBuildConfiguration;
			buildSettings = {
				ALWAYS_SEARCH_USER_PATHS = NO;
				COPY_PHASE_STRIP = NO;
				FRAMEWORK_SEARCH_PATHS = (
					"$(DEVELOPER_LIBRARY_DIR)/Frameworks",
					"\"$(SDKROOT)$(DEVELOPER_FRAMEWORKS_DIR)\"",
				);
				GCC_DYNAMIC_NO_PIC = NO;
				GCC_ENABLE_FIX_AND_CONTINUE = NO;
				GCC_ENABLE_OBJC_EXCEPTIONS = YES;
				GCC_OPTIMIZATION_LEVEL = 0;
				INFOPLIST_FILE = "iPhoneTests-Info.plist";
				OTHER_LDFLAGS = (
					"-ObjC",
					"-framework",
					Foundation,
					"-framework",
					SenTestingKit,
				);
				PREBINDING = NO;
				PRODUCT_NAME = "$(TARGET_NAME)";
				WRAPPER_EXTENSION = octest;
			};
			name = Debug;
		};
		A6CE15B20FE01E7D009CD7AA /* Release */ = {
			isa = XCBuildConfiguration;
			buildSettings = {
				ALWAYS_SEARCH_USER_PATHS = NO;
				COPY_PHASE_STRIP = YES;
				DEBUG_INFORMATION_FORMAT = "dwarf-with-dsym";
				FRAMEWORK_SEARCH_PATHS = (
					"$(DEVELOPER_LIBRARY_DIR)/Frameworks",
					"\"$(SDKROOT)$(DEVELOPER_FRAMEWORKS_DIR)\"",
				);
				GCC_ENABLE_FIX_AND_CONTINUE = NO;
				GCC_ENABLE_OBJC_EXCEPTIONS = YES;
				INFOPLIST_FILE = "iPhoneTests-Info.plist";
				OTHER_LDFLAGS = (
					"-framework",
					Foundation,
					"-framework",
					SenTestingKit,
					"-framework",
					UIKit,
				);
				PREBINDING = NO;
				PRODUCT_NAME = iPhoneTest;
				WRAPPER_EXTENSION = octest;
				ZERO_LINK = NO;
			};
			name = Release;
		};
		A6CE15BC0FE01ED2009CD7AA /* Debug */ = {
			isa = XCBuildConfiguration;
			buildSettings = {
				ALWAYS_SEARCH_USER_PATHS = NO;
				COPY_PHASE_STRIP = NO;
				FRAMEWORK_SEARCH_PATHS = "$(DEVELOPER_LIBRARY_DIR)/Frameworks";
				GCC_DYNAMIC_NO_PIC = NO;
				GCC_ENABLE_FIX_AND_CONTINUE = NO;
				GCC_ENABLE_OBJC_EXCEPTIONS = YES;
				GCC_MODEL_TUNING = G5;
				GCC_OPTIMIZATION_LEVEL = 0;
				GCC_PRECOMPILE_PREFIX_HEADER = YES;
				GCC_PREFIX_HEADER = "$(SYSTEM_LIBRARY_DIR)/Frameworks/Cocoa.framework/Headers/Cocoa.h";
				INFOPLIST_FILE = "MacTests-Info.plist";
				INSTALL_PATH = "$(USER_LIBRARY_DIR)/Bundles";
				OTHER_LDFLAGS = (
					"-framework",
					Cocoa,
					"-framework",
					SenTestingKit,
				);
				PREBINDING = NO;
				PRODUCT_NAME = "$(TARGET_NAME)";
				SDKROOT = macosx10.5;
				WRAPPER_EXTENSION = octest;
			};
			name = Debug;
		};
		A6CE15BD0FE01ED2009CD7AA /* Release */ = {
			isa = XCBuildConfiguration;
			buildSettings = {
				ALWAYS_SEARCH_USER_PATHS = NO;
				COPY_PHASE_STRIP = YES;
				DEBUG_INFORMATION_FORMAT = "dwarf-with-dsym";
				FRAMEWORK_SEARCH_PATHS = "$(DEVELOPER_LIBRARY_DIR)/Frameworks";
				GCC_ENABLE_FIX_AND_CONTINUE = NO;
				GCC_ENABLE_OBJC_EXCEPTIONS = YES;
				GCC_MODEL_TUNING = G5;
				GCC_PRECOMPILE_PREFIX_HEADER = YES;
				GCC_PREFIX_HEADER = "$(SYSTEM_LIBRARY_DIR)/Frameworks/Cocoa.framework/Headers/Cocoa.h";
				INFOPLIST_FILE = "MacTests-Info.plist";
				INSTALL_PATH = "$(USER_LIBRARY_DIR)/Bundles";
				OTHER_LDFLAGS = (
					"-framework",
					Cocoa,
					"-framework",
					SenTestingKit,
				);
				PREBINDING = NO;
				PRODUCT_NAME = MacTest;
				SDKROOT = macosx10.5;
				WRAPPER_EXTENSION = octest;
				ZERO_LINK = NO;
			};
			name = Release;
		};
		C01FCF4F08A954540054247B /* Debug */ = {
			isa = XCBuildConfiguration;
			buildSettings = {
				ARCHS = "$(ARCHS_STANDARD_32_BIT)";
				"CODE_SIGN_IDENTITY[sdk=iphoneos*]" = "iPhone Developer";
				GCC_C_LANGUAGE_STANDARD = c99;
				GCC_WARN_ABOUT_RETURN_TYPE = YES;
				GCC_WARN_UNUSED_VARIABLE = YES;
				ONLY_ACTIVE_ARCH = YES;
				OTHER_CFLAGS = "-DDEBUG";
				PREBINDING = NO;
				SDKROOT = iphonesimulator3.0;
			};
			name = Debug;
		};
		C01FCF5008A954540054247B /* Release */ = {
			isa = XCBuildConfiguration;
			buildSettings = {
				ARCHS = "$(ARCHS_STANDARD_32_BIT)";
				"CODE_SIGN_IDENTITY[sdk=iphoneos*]" = "iPhone Developer";
				GCC_C_LANGUAGE_STANDARD = c99;
				GCC_WARN_ABOUT_RETURN_TYPE = YES;
				GCC_WARN_UNUSED_VARIABLE = YES;
				PREBINDING = NO;
				SDKROOT = iphonesimulator3.0;
			};
			name = Release;
		};
/* End XCBuildConfiguration section */

/* Begin XCConfigurationList section */
		A6CE14CD0FE0163E009CD7AA /* Build configuration list for PBXNativeTarget "StaticHessianKit" */ = {
			isa = XCConfigurationList;
			buildConfigurations = (
				A6CE14CB0FE01620009CD7AA /* Debug */,
				A6CE14CC0FE01620009CD7AA /* Release */,
			);
			defaultConfigurationIsVisible = 0;
			defaultConfigurationName = Release;
		};
		A6CE14FE0FE01795009CD7AA /* Build configuration list for PBXLegacyTarget "Documentation" */ = {
			isa = XCConfigurationList;
			buildConfigurations = (
				A6CE14EC0FE01789009CD7AA /* Debug */,
				A6CE14ED0FE01789009CD7AA /* Release */,
			);
			defaultConfigurationIsVisible = 0;
			defaultConfigurationName = Release;
		};
		A6CE15190FE018FD009CD7AA /* Build configuration list for PBXNativeTarget "HessianKit" */ = {
			isa = XCConfigurationList;
			buildConfigurations = (
				A6CE15150FE018C9009CD7AA /* Debug */,
				A6CE15160FE018C9009CD7AA /* Release */,
			);
			defaultConfigurationIsVisible = 0;
			defaultConfigurationName = Release;
		};
		A6CE15B30FE01E7D009CD7AA /* Build configuration list for PBXNativeTarget "iPhoneTests" */ = {
			isa = XCConfigurationList;
			buildConfigurations = (
				A6CE15B10FE01E7D009CD7AA /* Debug */,
				A6CE15B20FE01E7D009CD7AA /* Release */,
			);
			defaultConfigurationIsVisible = 0;
			defaultConfigurationName = Release;
		};
		A6CE15BE0FE01ED2009CD7AA /* Build configuration list for PBXNativeTarget "MacTests" */ = {
			isa = XCConfigurationList;
			buildConfigurations = (
				A6CE15BC0FE01ED2009CD7AA /* Debug */,
				A6CE15BD0FE01ED2009CD7AA /* Release */,
			);
			defaultConfigurationIsVisible = 0;
			defaultConfigurationName = Release;
		};
		C01FCF4E08A954540054247B /* Build configuration list for PBXProject "HessianKit" */ = {
			isa = XCConfigurationList;
			buildConfigurations = (
				C01FCF4F08A954540054247B /* Debug */,
				C01FCF5008A954540054247B /* Release */,
			);
			defaultConfigurationIsVisible = 0;
			defaultConfigurationName = Release;
		};
/* End XCConfigurationList section */
	};
	rootObject = 29B97313FDCFA39411CA2CEA /* Project object */;
}
